{
  "requires": true,
  "lockfileVersion": 1,
  "dependencies": {
    "ansi-styles": {
      "version": "1.0.0",
      "resolved": "https://registry.npmjs.org/ansi-styles/-/ansi-styles-1.0.0.tgz",
      "integrity": "sha1-yxAt8cVvUSPquLZ817mAJ6AnkXg="
    },
    "chalk": {
      "version": "0.4.0",
      "resolved": "https://registry.npmjs.org/chalk/-/chalk-0.4.0.tgz",
      "integrity": "sha1-UZmj3c0MHv4jvAjBsCewYXbgxk8=",
      "requires": {
        "ansi-styles": "1.0.0",
        "has-color": "0.1.7",
        "strip-ansi": "0.1.1"
      }
    },
    "date-time": {
      "version": "0.1.1",
      "resolved": "https://registry.npmjs.org/date-time/-/date-time-0.1.1.tgz",
      "integrity": "sha1-7S9tk9l5DOL9ZtW1/z7dW7y/Owc="
    },
    "has-color": {
      "version": "0.1.7",
      "resolved": "https://registry.npmjs.org/has-color/-/has-color-0.1.7.tgz",
      "integrity": "sha1-ZxRKUmDDT8PMpnfQQdr1L+e3iy8="
    },
    "parse-ms": {
      "version": "0.1.2",
      "resolved": "https://registry.npmjs.org/parse-ms/-/parse-ms-0.1.2.tgz",
      "integrity": "sha1-3T+iXtbC78e93hKtm0bBY6opIk4="
    },
    "pretty-ms": {
      "version": "0.2.2",
      "resolved": "https://registry.npmjs.org/pretty-ms/-/pretty-ms-0.2.2.tgz",
      "integrity": "sha1-2oeaaC/zOjcBEEbxPWJ/Z8c7hPY=",
      "requires": {
        "parse-ms": "0.1.2"
      }
    },
    "strip-ansi": {
      "version": "0.1.1",
      "resolved": "https://registry.npmjs.org/strip-ansi/-/strip-ansi-0.1.1.tgz",
      "integrity": "sha1-OeipjQRNFQZgq+SmgIrPcLt7yZE="
    },
    "text-table": {
      "version": "0.2.0",
      "resolved": "https://registry.npmjs.org/text-table/-/text-table-0.2.0.tgz",
      "integrity": "sha1-f17oI66AUgfACvLfSoTsP8+lcLQ="
    },
    "time-require": {
      "version": "0.1.2",
      "resolved": "https://registry.npmjs.org/time-require/-/time-require-0.1.2.tgz",
      "integrity": "sha1-+eEss3D8JgXhFARYK6VO9corLZg=",
      "requires": {
        "chalk": "0.4.0",
        "date-time": "0.1.1",
        "pretty-ms": "0.2.2",
        "text-table": "0.2.0"
      }
    }
  }
}
